
Microsoft Visual Studio Solution File, Format Version 12.00
# Visual Studio Version 17
VisualStudioVersion = 17.14.36518.9 d17.14
MinimumVisualStudioVersion = 10.0.40219.1
Project("{FAE04EC0-301F-11D3-BF4B-00C04F79EFBC}") = "SporSalonuProjesi", "SporSalonuProjesi\SporSalonuProjesi.csproj", "{36BADDB7-D365-4617-A530-7177976AE1FA}"
EndProject
Global
	GlobalSection(SolutionConfigurationPlatforms) = preSolution
		Debug|Any CPU = Debug|Any CPU
		Release|Any CPU = Release|Any CPU
	EndGlobalSection
	GlobalSection(ProjectConfigurationPlatforms) = postSolution
		{36BADDB7-D365-4617-A530-7177976AE1FA}.Debug|Any CPU.ActiveCfg = Debug|Any CPU
		{36BADDB7-D365-4617-A530-7177976AE1FA}.Debug|Any CPU.Build.0 = Debug|Any CPU
		{36BADDB7-D365-4617-A530-7177976AE1FA}.Release|Any CPU.ActiveCfg = Release|Any CPU
		{36BADDB7-D365-4617-A530-7177976AE1FA}.Release|Any CPU.Build.0 = Release|Any CPU
	EndGlobalSection
	GlobalSection(SolutionProperties) = preSolution
		HideSolutionNode = FALSE
	EndGlobalSection
	GlobalSection(ExtensibilityGlobals) = postSolution
		SolutionGuid = {049B8945-F9F1-4EA4-9EFF-848CBA3E937D}
	EndGlobalSection
EndGlobal
